# THIS FILE IS GENERATED BY POETRY 1.8.2

[[package]]
name = "fastapi"
version = "0.111.0"
description = "FastAPI framework, high performance, easy to learn, fast to code, ready for production"
category = "main"
optional = false
python-versions = ">=3.7,<4.0"
files = []

[[package]]
name = "uvicorn"
version = "0.29.0"
description = "The lightning-fast ASGI server."
category = "main"
optional = false
python-versions = ">=3.7"
files = []

[metadata]
lock-version = "2.0"
python-versions = "^3.11"
content-hash = "b9cfd1b6c7fb8b3e0e0c3e140c1a5bcd4f0be8f1f6e5d6a350ea4e6f3b6d4b3f"
