# THIS IS AN EXAMPLE. If this fails, let me know, and I can regenerate for you.

[[package]]
name = "fastapi"
version = "0.111.0"
description = "FastAPI framework, high performance, easy to learn, fast to code, ready for production"
category = "main"
optional = false
python-versions = ">=3.7,<4.0"

[[package]]
name = "uvicorn"
version = "0.29.0"
description = "The lightning-fast ASGI server."
category = "main"
optional = false
python-versions = ">=3.7"

[[package]]
name = "sqlalchemy"
version = "2.0.29"
description = "Database Abstraction Library"
category = "main"
optional = false
python-versions = ">=3.8"

[[package]]
name = "pydantic-settings"
version = "2.2.1"
category = "main"
optional = false
python-versions = ">=3.8"

[[package]]
name = "httpx"
version = "0.27.0"
category = "main"
optional = false
python-versions = ">=3.7"

[[package]]
name = "python-jose"
version = "3.3.0"
category = "main"
optional = false
python-versions = ">=3.6"

[[package]]
name = "passlib"
version = "1.7.4"
category = "main"
optional = false
python-versions = "*"

[[package]]
name = "google-generativeai"
version = "0.5.4"
category = "main"
optional = false
python-versions = ">=3.8"

[metadata]
lock-version = "2.0"
python-versions = "^3.11"
content-hash = "0000000000000000000000000000000000000000000000000000000000000000"
